
Microsoft Visual Studio Solution File, Format Version 12.00
# Visual Studio 14
VisualStudioVersion = 14.0.25420.1
MinimumVisualStudioVersion = 10.0.40219.1
Project("{FAE04EC0-301F-11D3-BF4B-00C04F79EFBC}") = "module_2_task_4", "Module_2\module_2_task_4.csproj", "{3B602119-D9B3-4E71-8A64-DE469AAF1C2E}"
EndProject
Project("{FAE04EC0-301F-11D3-BF4B-00C04F79EFBC}") = "module_2_task_1", "module_2_task_1\module_2_task_1.csproj", "{6E1E8780-550D-4BD0-BEB2-870623F9FE37}"
EndProject
Project("{FAE04EC0-301F-11D3-BF4B-00C04F79EFBC}") = "module_2_task_2", "module_2_task_2\module_2_task_2.csproj", "{7587A24C-4327-466A-9DE1-E0B0CFD3D853}"
EndProject
Project("{FAE04EC0-301F-11D3-BF4B-00C04F79EFBC}") = "module_2_task_3", "module_2_task_3\module_2_task_3.csproj", "{98E9E276-31E3-4EDA-A907-60B63719FB37}"
EndProject
Global
	GlobalSection(SolutionConfigurationPlatforms) = preSolution
		Debug|Any CPU = Debug|Any CPU
		Release|Any CPU = Release|Any CPU
	EndGlobalSection
	GlobalSection(ProjectConfigurationPlatforms) = postSolution
		{3B602119-D9B3-4E71-8A64-DE469AAF1C2E}.Debug|Any CPU.ActiveCfg = Debug|Any CPU
		{3B602119-D9B3-4E71-8A64-DE469AAF1C2E}.Debug|Any CPU.Build.0 = Debug|Any CPU
		{3B602119-D9B3-4E71-8A64-DE469AAF1C2E}.Release|Any CPU.ActiveCfg = Release|Any CPU
		{3B602119-D9B3-4E71-8A64-DE469AAF1C2E}.Release|Any CPU.Build.0 = Release|Any CPU
		{6E1E8780-550D-4BD0-BEB2-870623F9FE37}.Debug|Any CPU.ActiveCfg = Debug|Any CPU
		{6E1E8780-550D-4BD0-BEB2-870623F9FE37}.Debug|Any CPU.Build.0 = Debug|Any CPU
		{6E1E8780-550D-4BD0-BEB2-870623F9FE37}.Release|Any CPU.ActiveCfg = Release|Any CPU
		{6E1E8780-550D-4BD0-BEB2-870623F9FE37}.Release|Any CPU.Build.0 = Release|Any CPU
		{7587A24C-4327-466A-9DE1-E0B0CFD3D853}.Debug|Any CPU.ActiveCfg = Debug|Any CPU
		{7587A24C-4327-466A-9DE1-E0B0CFD3D853}.Debug|Any CPU.Build.0 = Debug|Any CPU
		{7587A24C-4327-466A-9DE1-E0B0CFD3D853}.Release|Any CPU.ActiveCfg = Release|Any CPU
		{7587A24C-4327-466A-9DE1-E0B0CFD3D853}.Release|Any CPU.Build.0 = Release|Any CPU
		{98E9E276-31E3-4EDA-A907-60B63719FB37}.Debug|Any CPU.ActiveCfg = Debug|Any CPU
		{98E9E276-31E3-4EDA-A907-60B63719FB37}.Debug|Any CPU.Build.0 = Debug|Any CPU
		{98E9E276-31E3-4EDA-A907-60B63719FB37}.Release|Any CPU.ActiveCfg = Release|Any CPU
		{98E9E276-31E3-4EDA-A907-60B63719FB37}.Release|Any CPU.Build.0 = Release|Any CPU
	EndGlobalSection
	GlobalSection(SolutionProperties) = preSolution
		HideSolutionNode = FALSE
	EndGlobalSection
EndGlobal
